
Microsoft Visual Studio Solution File, Format Version 12.00
# Visual Studio Version 17
VisualStudioVersion = 17.8.34408.163
MinimumVisualStudioVersion = 10.0.40219.1
Project("{FAE04EC0-301F-11D3-BF4B-00C04F79EFBC}") = "Mission11", "Mission11\Mission11.csproj", "{EEAA6C7F-AD18-4655-B372-8443DCA4296A}"
EndProject
Global
	GlobalSection(SolutionConfigurationPlatforms) = preSolution
		Debug|Any CPU = Debug|Any CPU
		Release|Any CPU = Release|Any CPU
	EndGlobalSection
	GlobalSection(ProjectConfigurationPlatforms) = postSolution
		{EEAA6C7F-AD18-4655-B372-8443DCA4296A}.Debug|Any CPU.ActiveCfg = Debug|Any CPU
		{EEAA6C7F-AD18-4655-B372-8443DCA4296A}.Debug|Any CPU.Build.0 = Debug|Any CPU
		{EEAA6C7F-AD18-4655-B372-8443DCA4296A}.Release|Any CPU.ActiveCfg = Release|Any CPU
		{EEAA6C7F-AD18-4655-B372-8443DCA4296A}.Release|Any CPU.Build.0 = Release|Any CPU
	EndGlobalSection
	GlobalSection(SolutionProperties) = preSolution
		HideSolutionNode = FALSE
	EndGlobalSection
	GlobalSection(ExtensibilityGlobals) = postSolution
		SolutionGuid = {EEF0548F-C3D7-4500-A914-A9652F832A69}
	EndGlobalSection
EndGlobal
